// !$*UTF8*$!
{
	archiveVersion = 1;
	classes = {
	};
	objectVersion = 46;
	objects = {

/* Begin PBXBuildFile section */
		10CADA921D64BC800045D08E /* AppDelegate.swift in Sources */ = {isa = PBXBuildFile; fileRef = 10CADA911D64BC800045D08E /* AppDelegate.swift */; };
		10CADA941D64BC800045D08E /* GameScene.sks in Resources */ = {isa = PBXBuildFile; fileRef = 10CADA931D64BC800045D08E /* GameScene.sks */; };
		10CADA961D64BC800045D08E /* GameScene.swift in Sources */ = {isa = PBXBuildFile; fileRef = 10CADA951D64BC800045D08E /* GameScene.swift */; };
		10CADA981D64BC800045D08E /* GameViewController.swift in Sources */ = {isa = PBXBuildFile; fileRef = 10CADA971D64BC800045D08E /* GameViewController.swift */; };
		10CADA9B1D64BC800045D08E /* Main.storyboard in Resources */ = {isa = PBXBuildFile; fileRef = 10CADA991D64BC800045D08E /* Main.storyboard */; };
		10CADA9D1D64BC800045D08E /* Assets.xcassets in Resources */ = {isa = PBXBuildFile; fileRef = 10CADA9C1D64BC800045D08E /* Assets.xcassets */; };
		10CADAA01D64BC800045D08E /* LaunchScreen.storyboard in Resources */ = {isa = PBXBuildFile; fileRef = 10CADA9E1D64BC800045D08E /* LaunchScreen.storyboard */; };
/* End PBXBuildFile section */

/* Begin PBXFileReference section */
		10CADA8E1D64BC800045D08E /* nimble_camle.app */ = {isa = PBXFileReference; explicitFileType = wrapper.application; includeInIndex = 0; path = nimble_camle.app; sourceTree = BUILT_PRODUCTS_DIR; };
		10CADA911D64BC800045D08E /* AppDelegate.swift */ = {isa = PBXFileReference; lastKnownFileType = sourcecode.swift; path = AppDelegate.swift; sourceTree = "<group>"; };
		10CADA931D64BC800045D08E /* GameScene.sks */ = {isa = PBXFileReference; lastKnownFileType = file.sks; path = GameScene.sks; sourceTree = "<group>"; };
		10CADA951D64BC800045D08E /* GameScene.swift */ = {isa = PBXFileReference; lastKnownFileType = sourcecode.swift; path = GameScene.swift; sourceTree = "<group>"; };
		10CADA971D64BC800045D08E /* GameViewController.swift */ = {isa = PBXFileReference; lastKnownFileType = sourcecode.swift; path = GameViewController.swift; sourceTree = "<group>"; };
		10CADA9A1D64BC800045D08E /* Base */ = {isa = PBXFileReference; lastKnownFileType = file.storyboard; name = Base; path = Base.lproj/Main.storyboard; sourceTree = "<group>"; };
		10CADA9C1D64BC800045D08E /* Assets.xcassets */ = {isa = PBXFileReference; lastKnownFileType = folder.assetcatalog; path = Assets.xcassets; sourceTree = "<group>"; };
		10CADA9F1D64BC800045D08E /* Base */ = {isa = PBXFileReference; lastKnownFileType = file.storyboard; name = Base; path = Base.lproj/LaunchScreen.storyboard; sourceTree = "<group>"; };
		10CADAA11D64BC800045D08E /* Info.plist */ = {isa = PBXFileReference; lastKnownFileType = text.plist.xml; path = Info.plist; sourceTree = "<group>"; };
/* End PBXFileReference section */

/* Begin PBXFrameworksBuildPhase section */
		10CADA8B1D64BC800045D08E /* Frameworks */ = {
			isa = PBXFrameworksBuildPhase;
			buildActionMask = 2147483647;
			files = (
			);
			runOnlyForDeploymentPostprocessing = 0;
		};
/* End PBXFrameworksBuildPhase section */

/* Begin PBXGroup section */
		10CADA851D64BC800045D08E = {
			isa = PBXGroup;
			children = (
				10CADA901D64BC800045D08E /* nimble_camle */,
				10CADA8F1D64BC800045D08E /* Products */,
			);
			sourceTree = "<group>";
		};
		10CADA8F1D64BC800045D08E /* Products */ = {
			isa = PBXGroup;
			children = (
				10CADA8E1D64BC800045D08E /* nimble_camle.app */,
			);
			name = Products;
			sourceTree = "<group>";
		};
		10CADA901D64BC800045D08E /* nimble_camle */ = {
			isa = PBXGroup;
			children = (
				10CADA911D64BC800045D08E /* AppDelegate.swift */,
				10CADA931D64BC800045D08E /* GameScene.sks */,
				10CADA951D64BC800045D08E /* GameScene.swift */,
				10CADA971D64BC800045D08E /* GameViewController.swift */,
				10CADA991D64BC800045D08E /* Main.storyboard */,
				10CADA9C1D64BC800045D08E /* Assets.xcassets */,
				10CADA9E1D64BC800045D08E /* LaunchScreen.storyboard */,
				10CADAA11D64BC800045D08E /* Info.plist */,
			);
			path = nimble_camle;
			sourceTree = "<group>";
		};
/* End PBXGroup section */

/* Begin PBXNativeTarget section */
		10CADA8D1D64BC800045D08E /* nimble_camle */ = {
			isa = PBXNativeTarget;
			buildConfigurationList = 10CADAA41D64BC800045D08E /* Build configuration list for PBXNativeTarget "nimble_camle" */;
			buildPhases = (
				10CADA8A1D64BC800045D08E /* Sources */,
				10CADA8B1D64BC800045D08E /* Frameworks */,
				10CADA8C1D64BC800045D08E /* Resources */,
			);
			buildRules = (
			);
			dependencies = (
			);
			name = nimble_camle;
			productName = nimble_camle;
			productReference = 10CADA8E1D64BC800045D08E /* nimble_camle.app */;
			productType = "com.apple.product-type.application";
		};
/* End PBXNativeTarget section */

/* Begin PBXProject section */
		10CADA861D64BC800045D08E /* Project object */ = {
			isa = PBXProject;
			attributes = {
				LastSwiftUpdateCheck = 0730;
				LastUpgradeCheck = 0730;
				ORGANIZATIONNAME = moeabdol;
				TargetAttributes = {
					10CADA8D1D64BC800045D08E = {
						CreatedOnToolsVersion = 7.3;
					};
				};
			};
			buildConfigurationList = 10CADA891D64BC800045D08E /* Build configuration list for PBXProject "nimble_camle" */;
			compatibilityVersion = "Xcode 3.2";
			developmentRegion = English;
			hasScannedForEncodings = 0;
			knownRegions = (
				en,
				Base,
			);
			mainGroup = 10CADA851D64BC800045D08E;
			productRefGroup = 10CADA8F1D64BC800045D08E /* Products */;
			projectDirPath = "";
			projectRoot = "";
			targets = (
				10CADA8D1D64BC800045D08E /* nimble_camle */,
			);
		};
/* End PBXProject section */

/* Begin PBXResourcesBuildPhase section */
		10CADA8C1D64BC800045D08E /* Resources */ = {
			isa = PBXResourcesBuildPhase;
			buildActionMask = 2147483647;
			files = (
				10CADA941D64BC800045D08E /* GameScene.sks in Resources */,
				10CADAA01D64BC800045D08E /* LaunchScreen.storyboard in Resources */,
				10CADA9D1D64BC800045D08E /* Assets.xcassets in Resources */,
				10CADA9B1D64BC800045D08E /* Main.storyboard in Resources */,
			);
			runOnlyForDeploymentPostprocessing = 0;
		};
/* End PBXResourcesBuildPhase section */

/* Begin PBXSourcesBuildPhase section */
		10CADA8A1D64BC800045D08E /* Sources */ = {
			isa = PBXSourcesBuildPhase;
			buildActionMask = 2147483647;
			files = (
				10CADA961D64BC800045D08E /* GameScene.swift in Sources */,
				10CADA981D64BC800045D08E /* GameViewController.swift in Sources */,
				10CADA921D64BC800045D08E /* AppDelegate.swift in Sources */,
			);
			runOnlyForDeploymentPostprocessing = 0;
		};
/* End PBXSourcesBuildPhase section */

/* Begin PBXVariantGroup section */
		10CADA991D64BC800045D08E /* Main.storyboard */ = {
			isa = PBXVariantGroup;
			children = (
				10CADA9A1D64BC800045D08E /* Base */,
			);
			name = Main.storyboard;
			sourceTree = "<group>";
		};
		10CADA9E1D64BC800045D08E /* LaunchScreen.storyboard */ = {
			isa = PBXVariantGroup;
			children = (
				10CADA9F1D64BC800045D08E /* Base */,
			);
			name = LaunchScreen.storyboard;
			sourceTree = "<group>";
		};
/* End PBXVariantGroup section */

/* Begin XCBuildConfiguration section */
		10CADAA21D64BC800045D08E /* Debug */ = {
			isa = XCBuildConfiguration;
			buildSettings = {
				ALWAYS_SEARCH_USER_PATHS = NO;
				CLANG_ANALYZER_NONNULL = YES;
				CLANG_CXX_LANGUAGE_STANDARD = "gnu++0x";
				CLANG_CXX_LIBRARY = "libc++";
				CLANG_ENABLE_MODULES = YES;
				CLANG_ENABLE_OBJC_ARC = YES;
				CLANG_WARN_BOOL_CONVERSION = YES;
				CLANG_WARN_CONSTANT_CONVERSION = YES;
				CLANG_WARN_DIRECT_OBJC_ISA_USAGE = YES_ERROR;
				CLANG_WARN_EMPTY_BODY = YES;
				CLANG_WARN_ENUM_CONVERSION = YES;
				CLANG_WARN_INT_CONVERSION = YES;
				CLANG_WARN_OBJC_ROOT_CLASS = YES_ERROR;
				CLANG_WARN_UNREACHABLE_CODE = YES;
				CLANG_WARN__DUPLICATE_METHOD_MATCH = YES;
				"CODE_SIGN_IDENTITY[sdk=iphoneos*]" = "iPhone Developer";
				COPY_PHASE_STRIP = NO;
				DEBUG_INFORMATION_FORMAT = "dwarf-with-dsym";
				ENABLE_STRICT_OBJC_MSGSEND = YES;
				ENABLE_TESTABILITY = YES;
				GCC_C_LANGUAGE_STANDARD = gnu99;
				GCC_DYNAMIC_NO_PIC = NO;
				GCC_NO_COMMON_BLOCKS = YES;
				GCC_OPTIMIZATION_LEVEL = 0;
				GCC_PREPROCESSOR_DEFINITIONS = (
					"DEBUG=1",
					"$(inherited)",
				);
				GCC_WARN_64_TO_32_BIT_CONVERSION = YES;
				GCC_WARN_ABOUT_RETURN_TYPE = YES_ERROR;
				GCC_WARN_UNDECLARED_SELECTOR = YES;
				GCC_WARN_UNINITIALIZED_AUTOS = YES_AGGRESSIVE;
				GCC_WARN_UNUSED_FUNCTION = YES;
				GCC_WARN_UNUSED_VARIABLE = YES;
				IPHONEOS_DEPLOYMENT_TARGET = 9.3;
				MTL_ENABLE_DEBUG_INFO = YES;
				ONLY_ACTIVE_ARCH = YES;
				SDKROOT = iphoneos;
				SWIFT_OPTIMIZATION_LEVEL = "-Onone";
			};
			name = Debug;
		};
		10CADAA31D64BC800045D08E /* Release */ = {
			isa = XCBuildConfiguration;
			buildSettings = {
				ALWAYS_SEARCH_USER_PATHS = NO;
				CLANG_ANALYZER_NONNULL = YES;
				CLANG_CXX_LANGUAGE_STANDARD = "gnu++0x";
				CLANG_CXX_LIBRARY = "libc++";
				CLANG_ENABLE_MODULES = YES;
				CLANG_ENABLE_OBJC_ARC = YES;
				CLANG_WARN_BOOL_CONVERSION = YES;
				CLANG_WARN_CONSTANT_CONVERSION = YES;
				CLANG_WARN_DIRECT_OBJC_ISA_USAGE = YES_ERROR;
				CLANG_WARN_EMPTY_BODY = YES;
				CLANG_WARN_ENUM_CONVERSION = YES;
				CLANG_WARN_INT_CONVERSION = YES;
				CLANG_WARN_OBJC_ROOT_CLASS = YES_ERROR;
				CLANG_WARN_UNREACHABLE_CODE = YES;
				CLANG_WARN__DUPLICATE_METHOD_MATCH = YES;
				"CODE_SIGN_IDENTITY[sdk=iphoneos*]" = "iPhone Developer";
				COPY_PHASE_STRIP = NO;
				DEBUG_INFORMATION_FORMAT = "dwarf-with-dsym";
				ENABLE_NS_ASSERTIONS = NO;
				ENABLE_STRICT_OBJC_MSGSEND = YES;
				GCC_C_LANGUAGE_STANDARD = gnu99;
				GCC_NO_COMMON_BLOCKS = YES;
				GCC_WARN_64_TO_32_BIT_CONVERSION = YES;
				GCC_WARN_ABOUT_RETURN_TYPE = YES_ERROR;
				GCC_WARN_UNDECLARED_SELECTOR = YES;
				GCC_WARN_UNINITIALIZED_AUTOS = YES_AGGRESSIVE;
				GCC_WARN_UNUSED_FUNCTION = YES;
				GCC_WARN_UNUSED_VARIABLE = YES;
				IPHONEOS_DEPLOYMENT_TARGET = 9.3;
				MTL_ENABLE_DEBUG_INFO = NO;
				SDKROOT = iphoneos;
				VALIDATE_PRODUCT = YES;
			};
			name = Release;
		};
		10CADAA51D64BC800045D08E /* Debug */ = {
			isa = XCBuildConfiguration;
			buildSettings = {
				ASSETCATALOG_COMPILER_APPICON_NAME = AppIcon;
				INFOPLIST_FILE = nimble_camle/Info.plist;
				LD_RUNPATH_SEARCH_PATHS = "$(inherited) @executable_path/Frameworks";
				PRODUCT_BUNDLE_IDENTIFIER = "moeabdol.nimble-camle";
				PRODUCT_NAME = "$(TARGET_NAME)";
			};
			name = Debug;
		};
		10CADAA61D64BC800045D08E /* Release */ = {
			isa = XCBuildConfiguration;
			buildSettings = {
				ASSETCATALOG_COMPILER_APPICON_NAME = AppIcon;
				INFOPLIST_FILE = nimble_camle/Info.plist;
				LD_RUNPATH_SEARCH_PATHS = "$(inherited) @executable_path/Frameworks";
				PRODUCT_BUNDLE_IDENTIFIER = "moeabdol.nimble-camle";
				PRODUCT_NAME = "$(TARGET_NAME)";
			};
			name = Release;
		};
/* End XCBuildConfiguration section */

/* Begin XCConfigurationList section */
		10CADA891D64BC800045D08E /* Build configuration list for PBXProject "nimble_camle" */ = {
			isa = XCConfigurationList;
			buildConfigurations = (
				10CADAA21D64BC800045D08E /* Debug */,
				10CADAA31D64BC800045D08E /* Release */,
			);
			defaultConfigurationIsVisible = 0;
			defaultConfigurationName = Release;
		};
		10CADAA41D64BC800045D08E /* Build configuration list for PBXNativeTarget "nimble_camle" */ = {
			isa = XCConfigurationList;
			buildConfigurations = (
				10CADAA51D64BC800045D08E /* Debug */,
				10CADAA61D64BC800045D08E /* Release */,
			);
			defaultConfigurationIsVisible = 0;
		};
/* End XCConfigurationList section */
	};
	rootObject = 10CADA861D64BC800045D08E /* Project object */;
}
